
Microsoft Visual Studio Solution File, Format Version 12.00
# Visual Studio 15
VisualStudioVersion = 15.0.28307.902
MinimumVisualStudioVersion = 10.0.40219.1
Project("{8BC9CEB8-8B4A-11D0-8D11-00A0C91BC942}") = "Week2Task12", "Week2Task12\Week2Task12.vcxproj", "{E93AC82B-85E7-45E8-8C00-E5B934A19043}"
EndProject
Global
	GlobalSection(SolutionConfigurationPlatforms) = preSolution
		Debug|x64 = Debug|x64
		Debug|x86 = Debug|x86
		Release|x64 = Release|x64
		Release|x86 = Release|x86
	EndGlobalSection
	GlobalSection(ProjectConfigurationPlatforms) = postSolution
		{E93AC82B-85E7-45E8-8C00-E5B934A19043}.Debug|x64.ActiveCfg = Debug|x64
		{E93AC82B-85E7-45E8-8C00-E5B934A19043}.Debug|x64.Build.0 = Debug|x64
		{E93AC82B-85E7-45E8-8C00-E5B934A19043}.Debug|x86.ActiveCfg = Debug|Win32
		{E93AC82B-85E7-45E8-8C00-E5B934A19043}.Debug|x86.Build.0 = Debug|Win32
		{E93AC82B-85E7-45E8-8C00-E5B934A19043}.Release|x64.ActiveCfg = Release|x64
		{E93AC82B-85E7-45E8-8C00-E5B934A19043}.Release|x64.Build.0 = Release|x64
		{E93AC82B-85E7-45E8-8C00-E5B934A19043}.Release|x86.ActiveCfg = Release|Win32
		{E93AC82B-85E7-45E8-8C00-E5B934A19043}.Release|x86.Build.0 = Release|Win32
	EndGlobalSection
	GlobalSection(SolutionProperties) = preSolution
		HideSolutionNode = FALSE
	EndGlobalSection
	GlobalSection(ExtensibilityGlobals) = postSolution
		SolutionGuid = {CC5202F7-346F-416D-B81B-792884AC410C}
	EndGlobalSection
EndGlobal
